
Microsoft Visual Studio Solution File, Format Version 12.00
# Visual Studio Version 17
VisualStudioVersion = 17.0.31903.59
MinimumVisualStudioVersion = 10.0.40219.1
Project("{2150E333-8FDC-42A3-9474-1A3956D46DE8}") = "src", "src", "{827E0CD3-B72D-47B6-A68D-7590B98EB39B}"
EndProject
Project("{FAE04EC0-301F-11D3-BF4B-00C04F79EFBC}") = "Domain", "src\Domain\Domain.csproj", "{174FC25E-2995-40A0-B04B-4FBA0F6028B4}"
EndProject
Project("{FAE04EC0-301F-11D3-BF4B-00C04F79EFBC}") = "Application", "src\Application\Application.csproj", "{E1B60936-BB5B-477D-93DF-095587B10C8D}"
EndProject
Project("{FAE04EC0-301F-11D3-BF4B-00C04F79EFBC}") = "Infrastructure", "src\Infrastructure\Infrastructure.csproj", "{50F78FA8-5DC7-4902-A3F3-F1331EE36489}"
EndProject
Project("{FAE04EC0-301F-11D3-BF4B-00C04F79EFBC}") = "WebApi", "src\WebApi\WebApi.csproj", "{49D6BAD3-13EB-49F5-9B7D-9626EB1C03B6}"
EndProject
Project("{FAE04EC0-301F-11D3-BF4B-00C04F79EFBC}") = "Web", "src\Web\Web.csproj", "{F832A25D-111C-4AA6-ADC8-149064F173B6}"
EndProject
Global
	GlobalSection(SolutionConfigurationPlatforms) = preSolution
		Debug|Any CPU = Debug|Any CPU
		Debug|x64 = Debug|x64
		Debug|x86 = Debug|x86
		Release|Any CPU = Release|Any CPU
		Release|x64 = Release|x64
		Release|x86 = Release|x86
	EndGlobalSection
	GlobalSection(ProjectConfigurationPlatforms) = postSolution
		{174FC25E-2995-40A0-B04B-4FBA0F6028B4}.Debug|Any CPU.ActiveCfg = Debug|Any CPU
		{174FC25E-2995-40A0-B04B-4FBA0F6028B4}.Debug|Any CPU.Build.0 = Debug|Any CPU
		{174FC25E-2995-40A0-B04B-4FBA0F6028B4}.Debug|x64.ActiveCfg = Debug|Any CPU
		{174FC25E-2995-40A0-B04B-4FBA0F6028B4}.Debug|x64.Build.0 = Debug|Any CPU
		{174FC25E-2995-40A0-B04B-4FBA0F6028B4}.Debug|x86.ActiveCfg = Debug|Any CPU
		{174FC25E-2995-40A0-B04B-4FBA0F6028B4}.Debug|x86.Build.0 = Debug|Any CPU
		{174FC25E-2995-40A0-B04B-4FBA0F6028B4}.Release|Any CPU.ActiveCfg = Release|Any CPU
		{174FC25E-2995-40A0-B04B-4FBA0F6028B4}.Release|Any CPU.Build.0 = Release|Any CPU
		{174FC25E-2995-40A0-B04B-4FBA0F6028B4}.Release|x64.ActiveCfg = Release|Any CPU
		{174FC25E-2995-40A0-B04B-4FBA0F6028B4}.Release|x64.Build.0 = Release|Any CPU
		{174FC25E-2995-40A0-B04B-4FBA0F6028B4}.Release|x86.ActiveCfg = Release|Any CPU
		{174FC25E-2995-40A0-B04B-4FBA0F6028B4}.Release|x86.Build.0 = Release|Any CPU
		{E1B60936-BB5B-477D-93DF-095587B10C8D}.Debug|Any CPU.ActiveCfg = Debug|Any CPU
		{E1B60936-BB5B-477D-93DF-095587B10C8D}.Debug|Any CPU.Build.0 = Debug|Any CPU
		{E1B60936-BB5B-477D-93DF-095587B10C8D}.Debug|x64.ActiveCfg = Debug|Any CPU
		{E1B60936-BB5B-477D-93DF-095587B10C8D}.Debug|x64.Build.0 = Debug|Any CPU
		{E1B60936-BB5B-477D-93DF-095587B10C8D}.Debug|x86.ActiveCfg = Debug|Any CPU
		{E1B60936-BB5B-477D-93DF-095587B10C8D}.Debug|x86.Build.0 = Debug|Any CPU
		{E1B60936-BB5B-477D-93DF-095587B10C8D}.Release|Any CPU.ActiveCfg = Release|Any CPU
		{E1B60936-BB5B-477D-93DF-095587B10C8D}.Release|Any CPU.Build.0 = Release|Any CPU
		{E1B60936-BB5B-477D-93DF-095587B10C8D}.Release|x64.ActiveCfg = Release|Any CPU
		{E1B60936-BB5B-477D-93DF-095587B10C8D}.Release|x64.Build.0 = Release|Any CPU
		{E1B60936-BB5B-477D-93DF-095587B10C8D}.Release|x86.ActiveCfg = Release|Any CPU
		{E1B60936-BB5B-477D-93DF-095587B10C8D}.Release|x86.Build.0 = Release|Any CPU
		{50F78FA8-5DC7-4902-A3F3-F1331EE36489}.Debug|Any CPU.ActiveCfg = Debug|Any CPU
		{50F78FA8-5DC7-4902-A3F3-F1331EE36489}.Debug|Any CPU.Build.0 = Debug|Any CPU
		{50F78FA8-5DC7-4902-A3F3-F1331EE36489}.Debug|x64.ActiveCfg = Debug|Any CPU
		{50F78FA8-5DC7-4902-A3F3-F1331EE36489}.Debug|x64.Build.0 = Debug|Any CPU
		{50F78FA8-5DC7-4902-A3F3-F1331EE36489}.Debug|x86.ActiveCfg = Debug|Any CPU
		{50F78FA8-5DC7-4902-A3F3-F1331EE36489}.Debug|x86.Build.0 = Debug|Any CPU
		{50F78FA8-5DC7-4902-A3F3-F1331EE36489}.Release|Any CPU.ActiveCfg = Release|Any CPU
		{50F78FA8-5DC7-4902-A3F3-F1331EE36489}.Release|Any CPU.Build.0 = Release|Any CPU
		{50F78FA8-5DC7-4902-A3F3-F1331EE36489}.Release|x64.ActiveCfg = Release|Any CPU
		{50F78FA8-5DC7-4902-A3F3-F1331EE36489}.Release|x64.Build.0 = Release|Any CPU
		{50F78FA8-5DC7-4902-A3F3-F1331EE36489}.Release|x86.ActiveCfg = Release|Any CPU
		{50F78FA8-5DC7-4902-A3F3-F1331EE36489}.Release|x86.Build.0 = Release|Any CPU
		{49D6BAD3-13EB-49F5-9B7D-9626EB1C03B6}.Debug|Any CPU.ActiveCfg = Debug|Any CPU
		{49D6BAD3-13EB-49F5-9B7D-9626EB1C03B6}.Debug|Any CPU.Build.0 = Debug|Any CPU
		{49D6BAD3-13EB-49F5-9B7D-9626EB1C03B6}.Debug|x64.ActiveCfg = Debug|Any CPU
		{49D6BAD3-13EB-49F5-9B7D-9626EB1C03B6}.Debug|x64.Build.0 = Debug|Any CPU
		{49D6BAD3-13EB-49F5-9B7D-9626EB1C03B6}.Debug|x86.ActiveCfg = Debug|Any CPU
		{49D6BAD3-13EB-49F5-9B7D-9626EB1C03B6}.Debug|x86.Build.0 = Debug|Any CPU
		{49D6BAD3-13EB-49F5-9B7D-9626EB1C03B6}.Release|Any CPU.ActiveCfg = Release|Any CPU
		{49D6BAD3-13EB-49F5-9B7D-9626EB1C03B6}.Release|Any CPU.Build.0 = Release|Any CPU
		{49D6BAD3-13EB-49F5-9B7D-9626EB1C03B6}.Release|x64.ActiveCfg = Release|Any CPU
		{49D6BAD3-13EB-49F5-9B7D-9626EB1C03B6}.Release|x64.Build.0 = Release|Any CPU
		{49D6BAD3-13EB-49F5-9B7D-9626EB1C03B6}.Release|x86.ActiveCfg = Release|Any CPU
		{49D6BAD3-13EB-49F5-9B7D-9626EB1C03B6}.Release|x86.Build.0 = Release|Any CPU
		{F832A25D-111C-4AA6-ADC8-149064F173B6}.Debug|Any CPU.ActiveCfg = Debug|Any CPU
		{F832A25D-111C-4AA6-ADC8-149064F173B6}.Debug|Any CPU.Build.0 = Debug|Any CPU
		{F832A25D-111C-4AA6-ADC8-149064F173B6}.Debug|x64.ActiveCfg = Debug|Any CPU
		{F832A25D-111C-4AA6-ADC8-149064F173B6}.Debug|x64.Build.0 = Debug|Any CPU
		{F832A25D-111C-4AA6-ADC8-149064F173B6}.Debug|x86.ActiveCfg = Debug|Any CPU
		{F832A25D-111C-4AA6-ADC8-149064F173B6}.Debug|x86.Build.0 = Debug|Any CPU
		{F832A25D-111C-4AA6-ADC8-149064F173B6}.Release|Any CPU.ActiveCfg = Release|Any CPU
		{F832A25D-111C-4AA6-ADC8-149064F173B6}.Release|Any CPU.Build.0 = Release|Any CPU
		{F832A25D-111C-4AA6-ADC8-149064F173B6}.Release|x64.ActiveCfg = Release|Any CPU
		{F832A25D-111C-4AA6-ADC8-149064F173B6}.Release|x64.Build.0 = Release|Any CPU
		{F832A25D-111C-4AA6-ADC8-149064F173B6}.Release|x86.ActiveCfg = Release|Any CPU
		{F832A25D-111C-4AA6-ADC8-149064F173B6}.Release|x86.Build.0 = Release|Any CPU
	EndGlobalSection
	GlobalSection(SolutionProperties) = preSolution
		HideSolutionNode = FALSE
	EndGlobalSection
	GlobalSection(NestedProjects) = preSolution
		{174FC25E-2995-40A0-B04B-4FBA0F6028B4} = {827E0CD3-B72D-47B6-A68D-7590B98EB39B}
		{E1B60936-BB5B-477D-93DF-095587B10C8D} = {827E0CD3-B72D-47B6-A68D-7590B98EB39B}
		{50F78FA8-5DC7-4902-A3F3-F1331EE36489} = {827E0CD3-B72D-47B6-A68D-7590B98EB39B}
		{49D6BAD3-13EB-49F5-9B7D-9626EB1C03B6} = {827E0CD3-B72D-47B6-A68D-7590B98EB39B}
		{F832A25D-111C-4AA6-ADC8-149064F173B6} = {827E0CD3-B72D-47B6-A68D-7590B98EB39B}
	EndGlobalSection
EndGlobal
